{
    "name": "jsid.dev",
    "lockfileVersion": 2,
    "requires": true,
    "packages": {
        "": {
            "name": "jsid.dev",
            "devDependencies": {
                "sort-json": "^2.0.1"
            }
        },
        "node_modules/detect-indent": {
            "version": "5.0.0",
            "resolved": "https://registry.npmjs.org/detect-indent/-/detect-indent-5.0.0.tgz",
            "integrity": "sha512-rlpvsxUtM0PQvy9iZe640/IWwWYyBsTApREbA1pHOpmOUIl9MkP/U4z7vTtg4Oaojvqhxt7sdufnT0EzGaR31g==",
            "dev": true,
            "engines": {
                "node": ">=4"
            }
        },
        "node_modules/detect-newline": {
            "version": "2.1.0",
            "resolved": "https://registry.npmjs.org/detect-newline/-/detect-newline-2.1.0.tgz",
            "integrity": "sha512-CwffZFvlJffUg9zZA0uqrjQayUTC8ob94pnr5sFwaVv3IOmkfUHcWH+jXaQK3askE51Cqe8/9Ql/0uXNwqZ8Zg==",
            "dev": true,
            "engines": {
                "node": ">=0.10.0"
            }
        },
        "node_modules/minimist": {
            "version": "1.2.7",
            "resolved": "https://registry.npmjs.org/minimist/-/minimist-1.2.7.tgz",
            "integrity": "sha512-bzfL1YUZsP41gmu/qjrEk0Q6i2ix/cVeAhbCbqH9u3zYutS1cLg00qhrD0M2MVdCcx4Sc0UpP2eBWo9rotpq6g==",
            "dev": true,
            "funding": {
                "url": "https://github.com/sponsors/ljharb"
            }
        },
        "node_modules/sort-json": {
            "version": "2.0.1",
            "resolved": "https://registry.npmjs.org/sort-json/-/sort-json-2.0.1.tgz",
            "integrity": "sha512-s8cs2bcsQCzo/P2T/uoU6Js4dS/jnX8+4xunziNoq9qmSpZNCrRIAIvp4avsz0ST18HycV4z/7myJ7jsHWB2XQ==",
            "dev": true,
            "dependencies": {
                "detect-indent": "^5.0.0",
                "detect-newline": "^2.1.0",
                "minimist": "^1.2.0"
            },
            "bin": {
                "sort-json": "app/cmd.js"
            }
        }
    },
    "dependencies": {
        "detect-indent": {
            "version": "5.0.0",
            "resolved": "https://registry.npmjs.org/detect-indent/-/detect-indent-5.0.0.tgz",
            "integrity": "sha512-rlpvsxUtM0PQvy9iZe640/IWwWYyBsTApREbA1pHOpmOUIl9MkP/U4z7vTtg4Oaojvqhxt7sdufnT0EzGaR31g==",
            "dev": true
        },
        "detect-newline": {
            "version": "2.1.0",
            "resolved": "https://registry.npmjs.org/detect-newline/-/detect-newline-2.1.0.tgz",
            "integrity": "sha512-CwffZFvlJffUg9zZA0uqrjQayUTC8ob94pnr5sFwaVv3IOmkfUHcWH+jXaQK3askE51Cqe8/9Ql/0uXNwqZ8Zg==",
            "dev": true
        },
        "minimist": {
            "version": "1.2.7",
            "resolved": "https://registry.npmjs.org/minimist/-/minimist-1.2.7.tgz",
            "integrity": "sha512-bzfL1YUZsP41gmu/qjrEk0Q6i2ix/cVeAhbCbqH9u3zYutS1cLg00qhrD0M2MVdCcx4Sc0UpP2eBWo9rotpq6g==",
            "dev": true
        },
        "sort-json": {
            "version": "2.0.1",
            "resolved": "https://registry.npmjs.org/sort-json/-/sort-json-2.0.1.tgz",
            "integrity": "sha512-s8cs2bcsQCzo/P2T/uoU6Js4dS/jnX8+4xunziNoq9qmSpZNCrRIAIvp4avsz0ST18HycV4z/7myJ7jsHWB2XQ==",
            "dev": true,
            "requires": {
                "detect-indent": "^5.0.0",
                "detect-newline": "^2.1.0",
                "minimist": "^1.2.0"
            }
        }
    }
}
